Microsoft Visual Studio Solution File, Format Version 12.00
Project("{FAE04EC0-301F-11D3-BF4B-00C04F79EFBC}") = "Kimo.ZLApp.Web", "source\Kimo.ZLApp.Web\Kimo.ZLApp.Web.csproj", "{AB337CBE-8DE8-41F7-9EDC-3024747B9A1A}"
EndProject
Project("{FAE04EC0-301F-11D3-BF4B-00C04F79EFBC}") = "Kimo.ZLApp.WorkerService", "source\Kimo.ZLApp.WorkerService\Kimo.ZLApp.WorkerService.csproj", "{5F42AF00-6CBF-4833-BF53-CF1911EF24F3}"
EndProject
Project("{FAE04EC0-301F-11D3-BF4B-00C04F79EFBC}") = "Kimo.ZLApp.Domain", "source\Kimo.ZLApp.Domain\Kimo.ZLApp.Domain.csproj", "{EDB8A85D-837E-4416-BB5F-4AB7F4C70069}"
EndProject
Project("{FAE04EC0-301F-11D3-BF4B-00C04F79EFBC}") = "Kimo.ZLApp.Application", "source\Kimo.ZLApp.Application\Kimo.ZLApp.Application.csproj", "{6CE7BDA2-7D2E-4EC7-B8CD-13E7004F40D2}"
EndProject
Project("{FAE04EC0-301F-11D3-BF4B-00C04F79EFBC}") = "Kimo.ZLApp.Infrastructure", "source\Kimo.ZLApp.Infrastructure\Kimo.ZLApp.Infrastructure.csproj", "{DF0FF9D8-6DCB-473C-9D8E-4F4E92D9EFED}"
EndProject
Project("{FAE04EC0-301F-11D3-BF4B-00C04F79EFBC}") = "Kimo.ZLApp.Infrastructure.Jobs", "source\Kimo.ZLApp.Infrastructure.Jobs\Kimo.ZLApp.Infrastructure.Jobs.csproj", "{6963D97D-0DD6-4DD8-B01F-5A85E30007B3}"
EndProject
Project("{FAE04EC0-301F-11D3-BF4B-00C04F79EFBC}") = "Kimo.ZLApp.Application.UnitTests", "tests\Kimo.ZLApp.Application.UnitTests\Kimo.ZLApp.Application.UnitTests.csproj", "{03E8D2ED-5804-45E3-8A91-10EE388BEA86}"
EndProject
Project("{FAE04EC0-301F-11D3-BF4B-00C04F79EFBC}") = "Kimo.ZLApp.Domain.UnitTests", "tests\Kimo.ZLApp.Domain.UnitTests\Kimo.ZLApp.Domain.UnitTests.csproj", "{C5F60423-3FB6-4D06-8369-E57B3685E169}"
EndProject
Project("{FAE04EC0-301F-11D3-BF4B-00C04F79EFBC}") = "Kimo.ZLApp.Infrastructure.UnitTests", "tests\Kimo.ZLApp.Infrastructure.UnitTests\Kimo.ZLApp.Infrastructure.UnitTests.csproj", "{7517EB69-32FF-472E-B918-8891940C2D4D}"
EndProject
Project("{2150E333-8FDC-42A3-9474-1A3956D46DE8}") = "source", "source", "{5ABBB1CB-44E1-4438-A891-2CBFA670FCE8}"
EndProject
Project("{2150E333-8FDC-42A3-9474-1A3956D46DE8}") = "tests", "tests", "{7025545F-DD22-4236-AB2A-3481C8A72F6F}"
EndProject
Project("{FAE04EC0-301F-11D3-BF4B-00C04F79EFBC}") = "Kimo.ZLApp.Tests.Common", "tests\Kimo.ZLApp.Tests.Common\Kimo.ZLApp.Tests.Common.csproj", "{B137B7CC-B3CC-499A-A01F-DB5EF203B265}"
EndProject
Project("{FAE04EC0-301F-11D3-BF4B-00C04F79EFBC}") = "Kimo.ZLApp.Web.UnitTests", "tests\Kimo.ZLApp.Web.UnitTests\Kimo.ZLApp.Web.UnitTests.csproj", "{EA646A76-679C-4F10-80FC-7825C086D1B6}"
EndProject
Project("{FAE04EC0-301F-11D3-BF4B-00C04F79EFBC}") = "Kimo.ZLApp.WorkerService.UnitTests", "tests\Kimo.ZLApp.WorkerService.UnitTests\Kimo.ZLApp.WorkerService.UnitTests.csproj", "{DAF9232B-8ECC-4D99-9FAA-FE8D8DEE4C73}"
EndProject
Project("{FAE04EC0-301F-11D3-BF4B-00C04F79EFBC}") = "Kimo.ZLApp.Infrastructure.Jobs.UnitTests", "tests\Kimo.ZLApp.Infrastructure.Jobs.UnitTests\Kimo.ZLApp.Infrastructure.Jobs.UnitTests.csproj", "{94BD335D-6ACE-4303-B4DD-F1082550185E}"
EndProject
Global
	GlobalSection(SolutionConfigurationPlatforms) = preSolution
		Debug|Any CPU = Debug|Any CPU
		Release|Any CPU = Release|Any CPU
	EndGlobalSection
	GlobalSection(ProjectConfigurationPlatforms) = postSolution
		{AB337CBE-8DE8-41F7-9EDC-3024747B9A1A}.Debug|Any CPU.ActiveCfg = Debug|Any CPU
    	{AB337CBE-8DE8-41F7-9EDC-3024747B9A1A}.Debug|Any CPU.Build.0 = Debug|Any CPU
    	{AB337CBE-8DE8-41F7-9EDC-3024747B9A1A}.Release|Any CPU.ActiveCfg = Release|Any CPU
    	{AB337CBE-8DE8-41F7-9EDC-3024747B9A1A}.Release|Any CPU.Build.0 = Release|Any CPU
		{5F42AF00-6CBF-4833-BF53-CF1911EF24F3}.Debug|Any CPU.ActiveCfg = Debug|Any CPU
		{5F42AF00-6CBF-4833-BF53-CF1911EF24F3}.Debug|Any CPU.Build.0 = Debug|Any CPU
		{5F42AF00-6CBF-4833-BF53-CF1911EF24F3}.Release|Any CPU.ActiveCfg = Release|Any CPU
		{5F42AF00-6CBF-4833-BF53-CF1911EF24F3}.Release|Any CPU.Build.0 = Release|Any CPU
		{EDB8A85D-837E-4416-BB5F-4AB7F4C70069}.Debug|Any CPU.ActiveCfg = Debug|Any CPU
		{EDB8A85D-837E-4416-BB5F-4AB7F4C70069}.Debug|Any CPU.Build.0 = Debug|Any CPU
		{EDB8A85D-837E-4416-BB5F-4AB7F4C70069}.Release|Any CPU.ActiveCfg = Release|Any CPU
		{EDB8A85D-837E-4416-BB5F-4AB7F4C70069}.Release|Any CPU.Build.0 = Release|Any CPU
		{6CE7BDA2-7D2E-4EC7-B8CD-13E7004F40D2}.Debug|Any CPU.ActiveCfg = Debug|Any CPU
		{6CE7BDA2-7D2E-4EC7-B8CD-13E7004F40D2}.Debug|Any CPU.Build.0 = Debug|Any CPU
		{6CE7BDA2-7D2E-4EC7-B8CD-13E7004F40D2}.Release|Any CPU.ActiveCfg = Release|Any CPU
		{6CE7BDA2-7D2E-4EC7-B8CD-13E7004F40D2}.Release|Any CPU.Build.0 = Release|Any CPU
		{DF0FF9D8-6DCB-473C-9D8E-4F4E92D9EFED}.Debug|Any CPU.ActiveCfg = Debug|Any CPU
		{DF0FF9D8-6DCB-473C-9D8E-4F4E92D9EFED}.Debug|Any CPU.Build.0 = Debug|Any CPU
		{DF0FF9D8-6DCB-473C-9D8E-4F4E92D9EFED}.Release|Any CPU.ActiveCfg = Release|Any CPU
		{DF0FF9D8-6DCB-473C-9D8E-4F4E92D9EFED}.Release|Any CPU.Build.0 = Release|Any CPU
		{6963D97D-0DD6-4DD8-B01F-5A85E30007B3}.Debug|Any CPU.ActiveCfg = Debug|Any CPU
		{6963D97D-0DD6-4DD8-B01F-5A85E30007B3}.Debug|Any CPU.Build.0 = Debug|Any CPU
		{6963D97D-0DD6-4DD8-B01F-5A85E30007B3}.Release|Any CPU.ActiveCfg = Release|Any CPU
		{6963D97D-0DD6-4DD8-B01F-5A85E30007B3}.Release|Any CPU.Build.0 = Release|Any CPU
		{03E8D2ED-5804-45E3-8A91-10EE388BEA86}.Debug|Any CPU.ActiveCfg = Debug|Any CPU
		{03E8D2ED-5804-45E3-8A91-10EE388BEA86}.Debug|Any CPU.Build.0 = Debug|Any CPU
		{03E8D2ED-5804-45E3-8A91-10EE388BEA86}.Release|Any CPU.ActiveCfg = Release|Any CPU
		{03E8D2ED-5804-45E3-8A91-10EE388BEA86}.Release|Any CPU.Build.0 = Release|Any CPU
		{C5F60423-3FB6-4D06-8369-E57B3685E169}.Debug|Any CPU.ActiveCfg = Debug|Any CPU
		{C5F60423-3FB6-4D06-8369-E57B3685E169}.Debug|Any CPU.Build.0 = Debug|Any CPU
		{C5F60423-3FB6-4D06-8369-E57B3685E169}.Release|Any CPU.ActiveCfg = Release|Any CPU
		{C5F60423-3FB6-4D06-8369-E57B3685E169}.Release|Any CPU.Build.0 = Release|Any CPU
		{7517EB69-32FF-472E-B918-8891940C2D4D}.Debug|Any CPU.ActiveCfg = Debug|Any CPU
		{7517EB69-32FF-472E-B918-8891940C2D4D}.Debug|Any CPU.Build.0 = Debug|Any CPU
		{7517EB69-32FF-472E-B918-8891940C2D4D}.Release|Any CPU.ActiveCfg = Release|Any CPU
		{7517EB69-32FF-472E-B918-8891940C2D4D}.Release|Any CPU.Build.0 = Release|Any CPU
		{B137B7CC-B3CC-499A-A01F-DB5EF203B265}.Debug|Any CPU.ActiveCfg = Debug|Any CPU
		{B137B7CC-B3CC-499A-A01F-DB5EF203B265}.Debug|Any CPU.Build.0 = Debug|Any CPU
		{B137B7CC-B3CC-499A-A01F-DB5EF203B265}.Release|Any CPU.ActiveCfg = Release|Any CPU
		{B137B7CC-B3CC-499A-A01F-DB5EF203B265}.Release|Any CPU.Build.0 = Release|Any CPU
		{EA646A76-679C-4F10-80FC-7825C086D1B6}.Debug|Any CPU.ActiveCfg = Debug|Any CPU
        {EA646A76-679C-4F10-80FC-7825C086D1B6}.Debug|Any CPU.Build.0 = Debug|Any CPU
        {EA646A76-679C-4F10-80FC-7825C086D1B6}.Release|Any CPU.ActiveCfg = Release|Any CPU
        {EA646A76-679C-4F10-80FC-7825C086D1B6}.Release|Any CPU.Build.0 = Release|Any CPU
		{DAF9232B-8ECC-4D99-9FAA-FE8D8DEE4C73}.Debug|Any CPU.ActiveCfg = Debug|Any CPU
		{DAF9232B-8ECC-4D99-9FAA-FE8D8DEE4C73}.Debug|Any CPU.Build.0 = Debug|Any CPU
		{DAF9232B-8ECC-4D99-9FAA-FE8D8DEE4C73}.Release|Any CPU.ActiveCfg = Release|Any CPU
		{DAF9232B-8ECC-4D99-9FAA-FE8D8DEE4C73}.Release|Any CPU.Build.0 = Release|Any CPU
		{94BD335D-6ACE-4303-B4DD-F1082550185E}.Debug|Any CPU.ActiveCfg = Debug|Any CPU
		{94BD335D-6ACE-4303-B4DD-F1082550185E}.Debug|Any CPU.Build.0 = Debug|Any CPU
		{94BD335D-6ACE-4303-B4DD-F1082550185E}.Release|Any CPU.ActiveCfg = Release|Any CPU
		{94BD335D-6ACE-4303-B4DD-F1082550185E}.Release|Any CPU.Build.0 = Release|Any CPU
	EndGlobalSection
	GlobalSection(NestedProjects) = preSolution
		{AB337CBE-8DE8-41F7-9EDC-3024747B9A1A} = {5ABBB1CB-44E1-4438-A891-2CBFA670FCE8}
		{5F42AF00-6CBF-4833-BF53-CF1911EF24F3} = {5ABBB1CB-44E1-4438-A891-2CBFA670FCE8}
		{03E8D2ED-5804-45E3-8A91-10EE388BEA86} = {7025545F-DD22-4236-AB2A-3481C8A72F6F}
		{C5F60423-3FB6-4D06-8369-E57B3685E169} = {7025545F-DD22-4236-AB2A-3481C8A72F6F}
		{7517EB69-32FF-472E-B918-8891940C2D4D} = {7025545F-DD22-4236-AB2A-3481C8A72F6F}
		{6CE7BDA2-7D2E-4EC7-B8CD-13E7004F40D2} = {5ABBB1CB-44E1-4438-A891-2CBFA670FCE8}
		{EDB8A85D-837E-4416-BB5F-4AB7F4C70069} = {5ABBB1CB-44E1-4438-A891-2CBFA670FCE8}
		{DF0FF9D8-6DCB-473C-9D8E-4F4E92D9EFED} = {5ABBB1CB-44E1-4438-A891-2CBFA670FCE8}
		{B137B7CC-B3CC-499A-A01F-DB5EF203B265} = {7025545F-DD22-4236-AB2A-3481C8A72F6F}
		{EA646A76-679C-4F10-80FC-7825C086D1B6} = {7025545F-DD22-4236-AB2A-3481C8A72F6F}
		{DAF9232B-8ECC-4D99-9FAA-FE8D8DEE4C73} = {7025545F-DD22-4236-AB2A-3481C8A72F6F}
		{6963D97D-0DD6-4DD8-B01F-5A85E30007B3} = {5ABBB1CB-44E1-4438-A891-2CBFA670FCE8}
		{94BD335D-6ACE-4303-B4DD-F1082550185E} = {7025545F-DD22-4236-AB2A-3481C8A72F6F}
	EndGlobalSection
EndGlobal
